// !$*UTF8*$!
{
	archiveVersion = 1;
	classes = {
	};
	objectVersion = 50;
	objects = {

/* Begin PBXBuildFile section */
		049D1433262005DA00BC6675 /* Profile.swift in Sources */ = {isa = PBXBuildFile; fileRef = 049D1432262005DA00BC6675 /* Profile.swift */; };
		04F9672F261FF5C200285146 /* AppDelegate.swift in Sources */ = {isa = PBXBuildFile; fileRef = 04F9672E261FF5C200285146 /* AppDelegate.swift */; };
		04F96731261FF5C200285146 /* SceneDelegate.swift in Sources */ = {isa = PBXBuildFile; fileRef = 04F96730261FF5C200285146 /* SceneDelegate.swift */; };
		04F96733261FF5C200285146 /* ContentView.swift in Sources */ = {isa = PBXBuildFile; fileRef = 04F96732261FF5C200285146 /* ContentView.swift */; };
		04F96735261FF65D00285146 /* Assets.xcassets in Resources */ = {isa = PBXBuildFile; fileRef = 04F96734261FF65D00285146 /* Assets.xcassets */; };
		04F96738261FF65D00285146 /* Preview Assets.xcassets in Resources */ = {isa = PBXBuildFile; fileRef = 04F96737261FF65D00285146 /* Preview Assets.xcassets */; };
		04F9673B261FF65E00285146 /* LaunchScreen.storyboard in Resources */ = {isa = PBXBuildFile; fileRef = 04F96739261FF65E00285146 /* LaunchScreen.storyboard */; };
		04F9674A261FFA2B00285146 /* MountDetail.swift in Sources */ = {isa = PBXBuildFile; fileRef = 04F96749261FFA2B00285146 /* MountDetail.swift */; };
		04F9674D261FFA3B00285146 /* MountRow.swift in Sources */ = {isa = PBXBuildFile; fileRef = 04F9674C261FFA3B00285146 /* MountRow.swift */; };
		04F9674F261FFA4E00285146 /* MountList.swift in Sources */ = {isa = PBXBuildFile; fileRef = 04F9674E261FFA4E00285146 /* MountList.swift */; };
		04F96752261FFA8900285146 /* Mount.swift in Sources */ = {isa = PBXBuildFile; fileRef = 04F96751261FFA8900285146 /* Mount.swift */; };
		04F96755261FFAD200285146 /* DummyMount.swift in Sources */ = {isa = PBXBuildFile; fileRef = 04F96754261FFAD100285146 /* DummyMount.swift */; };
/* End PBXBuildFile section */

/* Begin PBXFileReference section */
		049D1432262005DA00BC6675 /* Profile.swift */ = {isa = PBXFileReference; lastKnownFileType = sourcecode.swift; path = Profile.swift; sourceTree = "<group>"; };
		04F9672B261FF5C200285146 /* MountList.app */ = {isa = PBXFileReference; explicitFileType = wrapper.application; includeInIndex = 0; path = MountList.app; sourceTree = BUILT_PRODUCTS_DIR; };
		04F9672E261FF5C200285146 /* AppDelegate.swift */ = {isa = PBXFileReference; lastKnownFileType = sourcecode.swift; path = AppDelegate.swift; sourceTree = "<group>"; };
		04F96730261FF5C200285146 /* SceneDelegate.swift */ = {isa = PBXFileReference; lastKnownFileType = sourcecode.swift; path = SceneDelegate.swift; sourceTree = "<group>"; };
		04F96732261FF5C200285146 /* ContentView.swift */ = {isa = PBXFileReference; lastKnownFileType = sourcecode.swift; path = ContentView.swift; sourceTree = "<group>"; };
		04F96734261FF65D00285146 /* Assets.xcassets */ = {isa = PBXFileReference; lastKnownFileType = folder.assetcatalog; path = Assets.xcassets; sourceTree = "<group>"; };
		04F96737261FF65D00285146 /* Preview Assets.xcassets */ = {isa = PBXFileReference; lastKnownFileType = folder.assetcatalog; path = "Preview Assets.xcassets"; sourceTree = "<group>"; };
		04F9673A261FF65E00285146 /* Base */ = {isa = PBXFileReference; lastKnownFileType = file.storyboard; name = Base; path = Base.lproj/LaunchScreen.storyboard; sourceTree = "<group>"; };
		04F9673C261FF65E00285146 /* Info.plist */ = {isa = PBXFileReference; lastKnownFileType = text.plist.xml; path = Info.plist; sourceTree = "<group>"; };
		04F96749261FFA2B00285146 /* MountDetail.swift */ = {isa = PBXFileReference; lastKnownFileType = sourcecode.swift; path = MountDetail.swift; sourceTree = "<group>"; };
		04F9674C261FFA3B00285146 /* MountRow.swift */ = {isa = PBXFileReference; lastKnownFileType = sourcecode.swift; path = MountRow.swift; sourceTree = "<group>"; };
		04F9674E261FFA4E00285146 /* MountList.swift */ = {isa = PBXFileReference; lastKnownFileType = sourcecode.swift; path = MountList.swift; sourceTree = "<group>"; };
		04F96751261FFA8900285146 /* Mount.swift */ = {isa = PBXFileReference; lastKnownFileType = sourcecode.swift; path = Mount.swift; sourceTree = "<group>"; };
		04F96754261FFAD100285146 /* DummyMount.swift */ = {isa = PBXFileReference; lastKnownFileType = sourcecode.swift; path = DummyMount.swift; sourceTree = "<group>"; };
/* End PBXFileReference section */

/* Begin PBXFrameworksBuildPhase section */
		04F96728261FF5C100285146 /* Frameworks */ = {
			isa = PBXFrameworksBuildPhase;
			buildActionMask = 2147483647;
			files = (
			);
			runOnlyForDeploymentPostprocessing = 0;
		};
/* End PBXFrameworksBuildPhase section */

/* Begin PBXGroup section */
		04F96722261FF5C100285146 = {
			isa = PBXGroup;
			children = (
				04F9672D261FF5C200285146 /* MountList */,
				04F9672C261FF5C200285146 /* Products */,
			);
			sourceTree = "<group>";
		};
		04F9672C261FF5C200285146 /* Products */ = {
			isa = PBXGroup;
			children = (
				04F9672B261FF5C200285146 /* MountList.app */,
			);
			name = Products;
			sourceTree = "<group>";
		};
		04F9672D261FF5C200285146 /* MountList */ = {
			isa = PBXGroup;
			children = (
				04F96746261FF79C00285146 /* Base */,
				04F96744261FF77100285146 /* View */,
				04F96743261FF76800285146 /* Model */,
				04F96734261FF65D00285146 /* Assets.xcassets */,
				04F96739261FF65E00285146 /* LaunchScreen.storyboard */,
				04F9673C261FF65E00285146 /* Info.plist */,
				04F96736261FF65D00285146 /* Preview Content */,
			);
			path = MountList;
			sourceTree = "<group>";
		};
		04F96736261FF65D00285146 /* Preview Content */ = {
			isa = PBXGroup;
			children = (
				04F96737261FF65D00285146 /* Preview Assets.xcassets */,
			);
			path = "Preview Content";
			sourceTree = "<group>";
		};
		04F96743261FF76800285146 /* Model */ = {
			isa = PBXGroup;
			children = (
				04F96751261FFA8900285146 /* Mount.swift */,
				04F96754261FFAD100285146 /* DummyMount.swift */,
			);
			path = Model;
			sourceTree = "<group>";
		};
		04F96744261FF77100285146 /* View */ = {
			isa = PBXGroup;
			children = (
				04F96732261FF5C200285146 /* ContentView.swift */,
				04F96749261FFA2B00285146 /* MountDetail.swift */,
				04F9674C261FFA3B00285146 /* MountRow.swift */,
				04F9674E261FFA4E00285146 /* MountList.swift */,
				049D1432262005DA00BC6675 /* Profile.swift */,
			);
			path = View;
			sourceTree = "<group>";
		};
		04F96746261FF79C00285146 /* Base */ = {
			isa = PBXGroup;
			children = (
				04F9672E261FF5C200285146 /* AppDelegate.swift */,
				04F96730261FF5C200285146 /* SceneDelegate.swift */,
			);
			path = Base;
			sourceTree = "<group>";
		};
/* End PBXGroup section */

/* Begin PBXNativeTarget section */
		04F9672A261FF5C100285146 /* MountList */ = {
			isa = PBXNativeTarget;
			buildConfigurationList = 04F9673F261FF65E00285146 /* Build configuration list for PBXNativeTarget "MountList" */;
			buildPhases = (
				04F96727261FF5C100285146 /* Sources */,
				04F96728261FF5C100285146 /* Frameworks */,
				04F96729261FF5C100285146 /* Resources */,
			);
			buildRules = (
			);
			dependencies = (
			);
			name = MountList;
			productName = MountList;
			productReference = 04F9672B261FF5C200285146 /* MountList.app */;
			productType = "com.apple.product-type.application";
		};
/* End PBXNativeTarget section */

/* Begin PBXProject section */
		04F96723261FF5C100285146 /* Project object */ = {
			isa = PBXProject;
			attributes = {
				LastSwiftUpdateCheck = 1220;
				LastUpgradeCheck = 1220;
				TargetAttributes = {
					04F9672A261FF5C100285146 = {
						CreatedOnToolsVersion = 12.2;
					};
				};
			};
			buildConfigurationList = 04F96726261FF5C100285146 /* Build configuration list for PBXProject "MountList" */;
			compatibilityVersion = "Xcode 9.3";
			developmentRegion = en;
			hasScannedForEncodings = 0;
			knownRegions = (
				en,
				Base,
			);
			mainGroup = 04F96722261FF5C100285146;
			productRefGroup = 04F9672C261FF5C200285146 /* Products */;
			projectDirPath = "";
			projectRoot = "";
			targets = (
				04F9672A261FF5C100285146 /* MountList */,
			);
		};
/* End PBXProject section */

/* Begin PBXResourcesBuildPhase section */
		04F96729261FF5C100285146 /* Resources */ = {
			isa = PBXResourcesBuildPhase;
			buildActionMask = 2147483647;
			files = (
				04F9673B261FF65E00285146 /* LaunchScreen.storyboard in Resources */,
				04F96738261FF65D00285146 /* Preview Assets.xcassets in Resources */,
				04F96735261FF65D00285146 /* Assets.xcassets in Resources */,
			);
			runOnlyForDeploymentPostprocessing = 0;
		};
/* End PBXResourcesBuildPhase section */

/* Begin PBXSourcesBuildPhase section */
		04F96727261FF5C100285146 /* Sources */ = {
			isa = PBXSourcesBuildPhase;
			buildActionMask = 2147483647;
			files = (
				04F9672F261FF5C200285146 /* AppDelegate.swift in Sources */,
				04F96731261FF5C200285146 /* SceneDelegate.swift in Sources */,
				04F96755261FFAD200285146 /* DummyMount.swift in Sources */,
				04F9674A261FFA2B00285146 /* MountDetail.swift in Sources */,
				04F96733261FF5C200285146 /* ContentView.swift in Sources */,
				04F9674D261FFA3B00285146 /* MountRow.swift in Sources */,
				04F9674F261FFA4E00285146 /* MountList.swift in Sources */,
				049D1433262005DA00BC6675 /* Profile.swift in Sources */,
				04F96752261FFA8900285146 /* Mount.swift in Sources */,
			);
			runOnlyForDeploymentPostprocessing = 0;
		};
/* End PBXSourcesBuildPhase section */

/* Begin PBXVariantGroup section */
		04F96739261FF65E00285146 /* LaunchScreen.storyboard */ = {
			isa = PBXVariantGroup;
			children = (
				04F9673A261FF65E00285146 /* Base */,
			);
			name = LaunchScreen.storyboard;
			sourceTree = "<group>";
		};
/* End PBXVariantGroup section */

/* Begin XCBuildConfiguration section */
		04F9673D261FF65E00285146 /* Debug */ = {
			isa = XCBuildConfiguration;
			buildSettings = {
				ALWAYS_SEARCH_USER_PATHS = NO;
				CLANG_ANALYZER_NONNULL = YES;
				CLANG_ANALYZER_NUMBER_OBJECT_CONVERSION = YES_AGGRESSIVE;
				CLANG_CXX_LANGUAGE_STANDARD = "gnu++14";
				CLANG_CXX_LIBRARY = "libc++";
				CLANG_ENABLE_MODULES = YES;
				CLANG_ENABLE_OBJC_ARC = YES;
				CLANG_ENABLE_OBJC_WEAK = YES;
				CLANG_WARN_BLOCK_CAPTURE_AUTORELEASING = YES;
				CLANG_WARN_BOOL_CONVERSION = YES;
				CLANG_WARN_COMMA = YES;
				CLANG_WARN_CONSTANT_CONVERSION = YES;
				CLANG_WARN_DEPRECATED_OBJC_IMPLEMENTATIONS = YES;
				CLANG_WARN_DIRECT_OBJC_ISA_USAGE = YES_ERROR;
				CLANG_WARN_DOCUMENTATION_COMMENTS = YES;
				CLANG_WARN_EMPTY_BODY = YES;
				CLANG_WARN_ENUM_CONVERSION = YES;
				CLANG_WARN_INFINITE_RECURSION = YES;
				CLANG_WARN_INT_CONVERSION = YES;
				CLANG_WARN_NON_LITERAL_NULL_CONVERSION = YES;
				CLANG_WARN_OBJC_IMPLICIT_RETAIN_SELF = YES;
				CLANG_WARN_OBJC_LITERAL_CONVERSION = YES;
				CLANG_WARN_OBJC_ROOT_CLASS = YES_ERROR;
				CLANG_WARN_QUOTED_INCLUDE_IN_FRAMEWORK_HEADER = YES;
				CLANG_WARN_RANGE_LOOP_ANALYSIS = YES;
				CLANG_WARN_STRICT_PROTOTYPES = YES;
				CLANG_WARN_SUSPICIOUS_MOVE = YES;
				CLANG_WARN_UNGUARDED_AVAILABILITY = YES_AGGRESSIVE;
				CLANG_WARN_UNREACHABLE_CODE = YES;
				CLANG_WARN__DUPLICATE_METHOD_MATCH = YES;
				COPY_PHASE_STRIP = NO;
				DEBUG_INFORMATION_FORMAT = dwarf;
				ENABLE_STRICT_OBJC_MSGSEND = YES;
				ENABLE_TESTABILITY = YES;
				GCC_C_LANGUAGE_STANDARD = gnu11;
				GCC_DYNAMIC_NO_PIC = NO;
				GCC_NO_COMMON_BLOCKS = YES;
				GCC_OPTIMIZATION_LEVEL = 0;
				GCC_PREPROCESSOR_DEFINITIONS = (
					"DEBUG=1",
					"$(inherited)",
				);
				GCC_WARN_64_TO_32_BIT_CONVERSION = YES;
				GCC_WARN_ABOUT_RETURN_TYPE = YES_ERROR;
				GCC_WARN_UNDECLARED_SELECTOR = YES;
				GCC_WARN_UNINITIALIZED_AUTOS = YES_AGGRESSIVE;
				GCC_WARN_UNUSED_FUNCTION = YES;
				GCC_WARN_UNUSED_VARIABLE = YES;
				IPHONEOS_DEPLOYMENT_TARGET = 14.2;
				MTL_ENABLE_DEBUG_INFO = INCLUDE_SOURCE;
				MTL_FAST_MATH = YES;
				ONLY_ACTIVE_ARCH = YES;
				SDKROOT = iphoneos;
				SWIFT_ACTIVE_COMPILATION_CONDITIONS = DEBUG;
				SWIFT_OPTIMIZATION_LEVEL = "-Onone";
			};
			name = Debug;
		};
		04F9673E261FF65E00285146 /* Release */ = {
			isa = XCBuildConfiguration;
			buildSettings = {
				ALWAYS_SEARCH_USER_PATHS = NO;
				CLANG_ANALYZER_NONNULL = YES;
				CLANG_ANALYZER_NUMBER_OBJECT_CONVERSION = YES_AGGRESSIVE;
				CLANG_CXX_LANGUAGE_STANDARD = "gnu++14";
				CLANG_CXX_LIBRARY = "libc++";
				CLANG_ENABLE_MODULES = YES;
				CLANG_ENABLE_OBJC_ARC = YES;
				CLANG_ENABLE_OBJC_WEAK = YES;
				CLANG_WARN_BLOCK_CAPTURE_AUTORELEASING = YES;
				CLANG_WARN_BOOL_CONVERSION = YES;
				CLANG_WARN_COMMA = YES;
				CLANG_WARN_CONSTANT_CONVERSION = YES;
				CLANG_WARN_DEPRECATED_OBJC_IMPLEMENTATIONS = YES;
				CLANG_WARN_DIRECT_OBJC_ISA_USAGE = YES_ERROR;
				CLANG_WARN_DOCUMENTATION_COMMENTS = YES;
				CLANG_WARN_EMPTY_BODY = YES;
				CLANG_WARN_ENUM_CONVERSION = YES;
				CLANG_WARN_INFINITE_RECURSION = YES;
				CLANG_WARN_INT_CONVERSION = YES;
				CLANG_WARN_NON_LITERAL_NULL_CONVERSION = YES;
				CLANG_WARN_OBJC_IMPLICIT_RETAIN_SELF = YES;
				CLANG_WARN_OBJC_LITERAL_CONVERSION = YES;
				CLANG_WARN_OBJC_ROOT_CLASS = YES_ERROR;
				CLANG_WARN_QUOTED_INCLUDE_IN_FRAMEWORK_HEADER = YES;
				CLANG_WARN_RANGE_LOOP_ANALYSIS = YES;
				CLANG_WARN_STRICT_PROTOTYPES = YES;
				CLANG_WARN_SUSPICIOUS_MOVE = YES;
				CLANG_WARN_UNGUARDED_AVAILABILITY = YES_AGGRESSIVE;
				CLANG_WARN_UNREACHABLE_CODE = YES;
				CLANG_WARN__DUPLICATE_METHOD_MATCH = YES;
				COPY_PHASE_STRIP = NO;
				DEBUG_INFORMATION_FORMAT = "dwarf-with-dsym";
				ENABLE_NS_ASSERTIONS = NO;
				ENABLE_STRICT_OBJC_MSGSEND = YES;
				GCC_C_LANGUAGE_STANDARD = gnu11;
				GCC_NO_COMMON_BLOCKS = YES;
				GCC_WARN_64_TO_32_BIT_CONVERSION = YES;
				GCC_WARN_ABOUT_RETURN_TYPE = YES_ERROR;
				GCC_WARN_UNDECLARED_SELECTOR = YES;
				GCC_WARN_UNINITIALIZED_AUTOS = YES_AGGRESSIVE;
				GCC_WARN_UNUSED_FUNCTION = YES;
				GCC_WARN_UNUSED_VARIABLE = YES;
				IPHONEOS_DEPLOYMENT_TARGET = 14.2;
				MTL_ENABLE_DEBUG_INFO = NO;
				MTL_FAST_MATH = YES;
				SDKROOT = iphoneos;
				SWIFT_COMPILATION_MODE = wholemodule;
				SWIFT_OPTIMIZATION_LEVEL = "-O";
				VALIDATE_PRODUCT = YES;
			};
			name = Release;
		};
		04F96740261FF65E00285146 /* Debug */ = {
			isa = XCBuildConfiguration;
			buildSettings = {
				ASSETCATALOG_COMPILER_APPICON_NAME = AppIcon;
				ASSETCATALOG_COMPILER_GLOBAL_ACCENT_COLOR_NAME = AccentColor;
				CODE_SIGN_STYLE = Automatic;
				DEVELOPMENT_ASSET_PATHS = "\"MountList/Preview Content\"";
				DEVELOPMENT_TEAM = QN7CB5236Z;
				ENABLE_PREVIEWS = YES;
				INFOPLIST_FILE = MountList/Info.plist;
				LD_RUNPATH_SEARCH_PATHS = (
					"$(inherited)",
					"@executable_path/Frameworks",
				);
				PRODUCT_BUNDLE_IDENTIFIER = TeamSan3.MountList;
				PRODUCT_NAME = "$(TARGET_NAME)";
				SWIFT_VERSION = 5.0;
				TARGETED_DEVICE_FAMILY = "1,2";
			};
			name = Debug;
		};
		04F96741261FF65E00285146 /* Release */ = {
			isa = XCBuildConfiguration;
			buildSettings = {
				ASSETCATALOG_COMPILER_APPICON_NAME = AppIcon;
				ASSETCATALOG_COMPILER_GLOBAL_ACCENT_COLOR_NAME = AccentColor;
				CODE_SIGN_STYLE = Automatic;
				DEVELOPMENT_ASSET_PATHS = "\"MountList/Preview Content\"";
				DEVELOPMENT_TEAM = QN7CB5236Z;
				ENABLE_PREVIEWS = YES;
				INFOPLIST_FILE = MountList/Info.plist;
				LD_RUNPATH_SEARCH_PATHS = (
					"$(inherited)",
					"@executable_path/Frameworks",
				);
				PRODUCT_BUNDLE_IDENTIFIER = TeamSan3.MountList;
				PRODUCT_NAME = "$(TARGET_NAME)";
				SWIFT_VERSION = 5.0;
				TARGETED_DEVICE_FAMILY = "1,2";
			};
			name = Release;
		};
/* End XCBuildConfiguration section */

/* Begin XCConfigurationList section */
		04F96726261FF5C100285146 /* Build configuration list for PBXProject "MountList" */ = {
			isa = XCConfigurationList;
			buildConfigurations = (
				04F9673D261FF65E00285146 /* Debug */,
				04F9673E261FF65E00285146 /* Release */,
			);
			defaultConfigurationIsVisible = 0;
			defaultConfigurationName = Release;
		};
		04F9673F261FF65E00285146 /* Build configuration list for PBXNativeTarget "MountList" */ = {
			isa = XCConfigurationList;
			buildConfigurations = (
				04F96740261FF65E00285146 /* Debug */,
				04F96741261FF65E00285146 /* Release */,
			);
			defaultConfigurationIsVisible = 0;
			defaultConfigurationName = Release;
		};
/* End XCConfigurationList section */
	};
	rootObject = 04F96723261FF5C100285146 /* Project object */;
}
